// !$*UTF8*$!
{
	archiveVersion = 1;
	classes = {
	};
	objectVersion = 46;
	objects = {

/* Begin PBXBuildFile section */
		2FF5492A18A46A35001D9546 /* king-plans_02.jpg in Resources */ = {isa = PBXBuildFile; fileRef = 2FF5492518A46A35001D9546 /* king-plans_02.jpg */; };
		2FF5492B18A46A35001D9546 /* king-plans_03.jpg in Resources */ = {isa = PBXBuildFile; fileRef = 2FF5492618A46A35001D9546 /* king-plans_03.jpg */; };
		2FF5492C18A46A35001D9546 /* king-plans_04.jpg in Resources */ = {isa = PBXBuildFile; fileRef = 2FF5492718A46A35001D9546 /* king-plans_04.jpg */; };
		2FF5492D18A46A35001D9546 /* king-plans_17.jpg in Resources */ = {isa = PBXBuildFile; fileRef = 2FF5492818A46A35001D9546 /* king-plans_17.jpg */; };
		2FF5492E18A46A35001D9546 /* king-plans_18.jpg in Resources */ = {isa = PBXBuildFile; fileRef = 2FF5492918A46A35001D9546 /* king-plans_18.jpg */; };
		4C1FA8BE1886D2290044F78D /* Foundation.framework in Frameworks */ = {isa = PBXBuildFile; fileRef = 4C1FA8BD1886D2290044F78D /* Foundation.framework */; };
		4C1FA8C01886D2290044F78D /* CoreGraphics.framework in Frameworks */ = {isa = PBXBuildFile; fileRef = 4C1FA8BF1886D2290044F78D /* CoreGraphics.framework */; };
		4C1FA8C21886D2290044F78D /* UIKit.framework in Frameworks */ = {isa = PBXBuildFile; fileRef = 4C1FA8C11886D2290044F78D /* UIKit.framework */; };
		4C1FA8C81886D2290044F78D /* InfoPlist.strings in Resources */ = {isa = PBXBuildFile; fileRef = 4C1FA8C61886D2290044F78D /* InfoPlist.strings */; };
		4C1FA8CA1886D2290044F78D /* main.m in Sources */ = {isa = PBXBuildFile; fileRef = 4C1FA8C91886D2290044F78D /* main.m */; };
		4C1FA8CE1886D2290044F78D /* ImbyAppDelegate.m in Sources */ = {isa = PBXBuildFile; fileRef = 4C1FA8CD1886D2290044F78D /* ImbyAppDelegate.m */; };
		4C1FA8D01886D2290044F78D /* Images.xcassets in Resources */ = {isa = PBXBuildFile; fileRef = 4C1FA8CF1886D2290044F78D /* Images.xcassets */; };
		4C1FA8D71886D2290044F78D /* XCTest.framework in Frameworks */ = {isa = PBXBuildFile; fileRef = 4C1FA8D61886D2290044F78D /* XCTest.framework */; };
		4C1FA8D81886D2290044F78D /* Foundation.framework in Frameworks */ = {isa = PBXBuildFile; fileRef = 4C1FA8BD1886D2290044F78D /* Foundation.framework */; };
		4C1FA8D91886D2290044F78D /* UIKit.framework in Frameworks */ = {isa = PBXBuildFile; fileRef = 4C1FA8C11886D2290044F78D /* UIKit.framework */; };
		4C1FA8E11886D2290044F78D /* InfoPlist.strings in Resources */ = {isa = PBXBuildFile; fileRef = 4C1FA8DF1886D2290044F78D /* InfoPlist.strings */; };
		4C1FA8E31886D2290044F78D /* ImbyTests.m in Sources */ = {isa = PBXBuildFile; fileRef = 4C1FA8E21886D2290044F78D /* ImbyTests.m */; };
		4C1FA8ED1886D26E0044F78D /* MainStoryboard.storyboard in Resources */ = {isa = PBXBuildFile; fileRef = 4C1FA8EC1886D26E0044F78D /* MainStoryboard.storyboard */; };
		4C1FA8F11886D8670044F78D /* MapKit.framework in Frameworks */ = {isa = PBXBuildFile; fileRef = 4C1FA8F01886D8670044F78D /* MapKit.framework */; };
		4C3EFC1A189FFCCE00A4550C /* ImbyPageContentViewController.m in Sources */ = {isa = PBXBuildFile; fileRef = 4C3EFC19189FFCCE00A4550C /* ImbyPageContentViewController.m */; };
		4C3EFC1D189FFE1600A4550C /* ImbyStartViewController.m in Sources */ = {isa = PBXBuildFile; fileRef = 4C3EFC1C189FFE1600A4550C /* ImbyStartViewController.m */; };
		4C498E6B1897324D00E9026A /* ImbyCalendarViewController.m in Sources */ = {isa = PBXBuildFile; fileRef = 4C498E6A1897324D00E9026A /* ImbyCalendarViewController.m */; };
		4C498E6D1897335000E9026A /* EventKit.framework in Frameworks */ = {isa = PBXBuildFile; fileRef = 4C498E6C1897335000E9026A /* EventKit.framework */; };
		4C498E6F1897336500E9026A /* EventKitUI.framework in Frameworks */ = {isa = PBXBuildFile; fileRef = 4C498E6E1897336500E9026A /* EventKitUI.framework */; };
		4C4E521E1888DE0C00199443 /* ImbyMapViewController.m in Sources */ = {isa = PBXBuildFile; fileRef = 4C4E521D1888DE0C00199443 /* ImbyMapViewController.m */; };
		4C4E52241889CB7000199443 /* ImbyAnnotation.m in Sources */ = {isa = PBXBuildFile; fileRef = 4C4E52231889CB7000199443 /* ImbyAnnotation.m */; };
		4C66B38D188A00850095FDB4 /* ImbyWebViewController.m in Sources */ = {isa = PBXBuildFile; fileRef = 4C66B38C188A00850095FDB4 /* ImbyWebViewController.m */; };
		4C66B390188A0B3D0095FDB4 /* ImbyEmailViewController.m in Sources */ = {isa = PBXBuildFile; fileRef = 4C66B38F188A0B3D0095FDB4 /* ImbyEmailViewController.m */; };
		4C6B0AF81891FC630004E584 /* MessageUI.framework in Frameworks */ = {isa = PBXBuildFile; fileRef = 4C6B0AF71891FC630004E584 /* MessageUI.framework */; };
		4CAE7236189B2666006DE071 /* ImbyProjDetailController.m in Sources */ = {isa = PBXBuildFile; fileRef = 4CAE7235189B2666006DE071 /* ImbyProjDetailController.m */; };
/* End PBXBuildFile section */

/* Begin PBXContainerItemProxy section */
		4C1FA8DA1886D2290044F78D /* PBXContainerItemProxy */ = {
			isa = PBXContainerItemProxy;
			containerPortal = 4C1FA8B21886D2290044F78D /* Project object */;
			proxyType = 1;
			remoteGlobalIDString = 4C1FA8B91886D2290044F78D;
			remoteInfo = Imby;
		};
/* End PBXContainerItemProxy section */

/* Begin PBXFileReference section */
		2FF5492518A46A35001D9546 /* king-plans_02.jpg */ = {isa = PBXFileReference; lastKnownFileType = image.jpeg; path = "king-plans_02.jpg"; sourceTree = "<group>"; };
		2FF5492618A46A35001D9546 /* king-plans_03.jpg */ = {isa = PBXFileReference; lastKnownFileType = image.jpeg; path = "king-plans_03.jpg"; sourceTree = "<group>"; };
		2FF5492718A46A35001D9546 /* king-plans_04.jpg */ = {isa = PBXFileReference; lastKnownFileType = image.jpeg; path = "king-plans_04.jpg"; sourceTree = "<group>"; };
		2FF5492818A46A35001D9546 /* king-plans_17.jpg */ = {isa = PBXFileReference; lastKnownFileType = image.jpeg; path = "king-plans_17.jpg"; sourceTree = "<group>"; };
		2FF5492918A46A35001D9546 /* king-plans_18.jpg */ = {isa = PBXFileReference; lastKnownFileType = image.jpeg; path = "king-plans_18.jpg"; sourceTree = "<group>"; };
		4C1FA8BA1886D2290044F78D /* Imby.app */ = {isa = PBXFileReference; explicitFileType = wrapper.application; includeInIndex = 0; path = Imby.app; sourceTree = BUILT_PRODUCTS_DIR; };
		4C1FA8BD1886D2290044F78D /* Foundation.framework */ = {isa = PBXFileReference; lastKnownFileType = wrapper.framework; name = Foundation.framework; path = System/Library/Frameworks/Foundation.framework; sourceTree = SDKROOT; };
		4C1FA8BF1886D2290044F78D /* CoreGraphics.framework */ = {isa = PBXFileReference; lastKnownFileType = wrapper.framework; name = CoreGraphics.framework; path = System/Library/Frameworks/CoreGraphics.framework; sourceTree = SDKROOT; };
		4C1FA8C11886D2290044F78D /* UIKit.framework */ = {isa = PBXFileReference; lastKnownFileType = wrapper.framework; name = UIKit.framework; path = System/Library/Frameworks/UIKit.framework; sourceTree = SDKROOT; };
		4C1FA8C51886D2290044F78D /* Imby-Info.plist */ = {isa = PBXFileReference; lastKnownFileType = text.plist.xml; path = "Imby-Info.plist"; sourceTree = "<group>"; };
		4C1FA8C71886D2290044F78D /* en */ = {isa = PBXFileReference; lastKnownFileType = text.plist.strings; name = en; path = en.lproj/InfoPlist.strings; sourceTree = "<group>"; };
		4C1FA8C91886D2290044F78D /* main.m */ = {isa = PBXFileReference; lastKnownFileType = sourcecode.c.objc; path = main.m; sourceTree = "<group>"; };
		4C1FA8CB1886D2290044F78D /* Imby-Prefix.pch */ = {isa = PBXFileReference; lastKnownFileType = sourcecode.c.h; path = "Imby-Prefix.pch"; sourceTree = "<group>"; };
		4C1FA8CC1886D2290044F78D /* ImbyAppDelegate.h */ = {isa = PBXFileReference; lastKnownFileType = sourcecode.c.h; path = ImbyAppDelegate.h; sourceTree = "<group>"; };
		4C1FA8CD1886D2290044F78D /* ImbyAppDelegate.m */ = {isa = PBXFileReference; lastKnownFileType = sourcecode.c.objc; path = ImbyAppDelegate.m; sourceTree = "<group>"; };
		4C1FA8CF1886D2290044F78D /* Images.xcassets */ = {isa = PBXFileReference; lastKnownFileType = folder.assetcatalog; path = Images.xcassets; sourceTree = "<group>"; };
		4C1FA8D51886D2290044F78D /* ImbyTests.xctest */ = {isa = PBXFileReference; explicitFileType = wrapper.cfbundle; includeInIndex = 0; path = ImbyTests.xctest; sourceTree = BUILT_PRODUCTS_DIR; };
		4C1FA8D61886D2290044F78D /* XCTest.framework */ = {isa = PBXFileReference; lastKnownFileType = wrapper.framework; name = XCTest.framework; path = Library/Frameworks/XCTest.framework; sourceTree = DEVELOPER_DIR; };
		4C1FA8DE1886D2290044F78D /* ImbyTests-Info.plist */ = {isa = PBXFileReference; lastKnownFileType = text.plist.xml; path = "ImbyTests-Info.plist"; sourceTree = "<group>"; };
		4C1FA8E01886D2290044F78D /* en */ = {isa = PBXFileReference; lastKnownFileType = text.plist.strings; name = en; path = en.lproj/InfoPlist.strings; sourceTree = "<group>"; };
		4C1FA8E21886D2290044F78D /* ImbyTests.m */ = {isa = PBXFileReference; lastKnownFileType = sourcecode.c.objc; path = ImbyTests.m; sourceTree = "<group>"; };
		4C1FA8EC1886D26E0044F78D /* MainStoryboard.storyboard */ = {isa = PBXFileReference; fileEncoding = 4; lastKnownFileType = file.storyboard; path = MainStoryboard.storyboard; sourceTree = "<group>"; };
		4C1FA8F01886D8670044F78D /* MapKit.framework */ = {isa = PBXFileReference; lastKnownFileType = wrapper.framework; name = MapKit.framework; path = System/Library/Frameworks/MapKit.framework; sourceTree = SDKROOT; };
		4C3EFC18189FFCCE00A4550C /* ImbyPageContentViewController.h */ = {isa = PBXFileReference; fileEncoding = 4; lastKnownFileType = sourcecode.c.h; path = ImbyPageContentViewController.h; sourceTree = "<group>"; };
		4C3EFC19189FFCCE00A4550C /* ImbyPageContentViewController.m */ = {isa = PBXFileReference; fileEncoding = 4; lastKnownFileType = sourcecode.c.objc; path = ImbyPageContentViewController.m; sourceTree = "<group>"; };
		4C3EFC1B189FFE1600A4550C /* ImbyStartViewController.h */ = {isa = PBXFileReference; fileEncoding = 4; lastKnownFileType = sourcecode.c.h; path = ImbyStartViewController.h; sourceTree = "<group>"; };
		4C3EFC1C189FFE1600A4550C /* ImbyStartViewController.m */ = {isa = PBXFileReference; fileEncoding = 4; lastKnownFileType = sourcecode.c.objc; path = ImbyStartViewController.m; sourceTree = "<group>"; };
		4C498E691897324D00E9026A /* ImbyCalendarViewController.h */ = {isa = PBXFileReference; fileEncoding = 4; lastKnownFileType = sourcecode.c.h; path = ImbyCalendarViewController.h; sourceTree = "<group>"; };
		4C498E6A1897324D00E9026A /* ImbyCalendarViewController.m */ = {isa = PBXFileReference; fileEncoding = 4; lastKnownFileType = sourcecode.c.objc; path = ImbyCalendarViewController.m; sourceTree = "<group>"; };
		4C498E6C1897335000E9026A /* EventKit.framework */ = {isa = PBXFileReference; lastKnownFileType = wrapper.framework; name = EventKit.framework; path = System/Library/Frameworks/EventKit.framework; sourceTree = SDKROOT; };
		4C498E6E1897336500E9026A /* EventKitUI.framework */ = {isa = PBXFileReference; lastKnownFileType = wrapper.framework; name = EventKitUI.framework; path = System/Library/Frameworks/EventKitUI.framework; sourceTree = SDKROOT; };
		4C4E521C1888DE0C00199443 /* ImbyMapViewController.h */ = {isa = PBXFileReference; fileEncoding = 4; lastKnownFileType = sourcecode.c.h; path = ImbyMapViewController.h; sourceTree = "<group>"; };
		4C4E521D1888DE0C00199443 /* ImbyMapViewController.m */ = {isa = PBXFileReference; fileEncoding = 4; lastKnownFileType = sourcecode.c.objc; path = ImbyMapViewController.m; sourceTree = "<group>"; };
		4C4E52221889CB7000199443 /* ImbyAnnotation.h */ = {isa = PBXFileReference; fileEncoding = 4; lastKnownFileType = sourcecode.c.h; path = ImbyAnnotation.h; sourceTree = SOURCE_ROOT; };
		4C4E52231889CB7000199443 /* ImbyAnnotation.m */ = {isa = PBXFileReference; fileEncoding = 4; lastKnownFileType = sourcecode.c.objc; path = ImbyAnnotation.m; sourceTree = SOURCE_ROOT; };
		4C66B38B188A00850095FDB4 /* ImbyWebViewController.h */ = {isa = PBXFileReference; fileEncoding = 4; lastKnownFileType = sourcecode.c.h; path = ImbyWebViewController.h; sourceTree = "<group>"; };
		4C66B38C188A00850095FDB4 /* ImbyWebViewController.m */ = {isa = PBXFileReference; fileEncoding = 4; lastKnownFileType = sourcecode.c.objc; path = ImbyWebViewController.m; sourceTree = "<group>"; };
		4C66B38E188A0B3D0095FDB4 /* ImbyEmailViewController.h */ = {isa = PBXFileReference; fileEncoding = 4; lastKnownFileType = sourcecode.c.h; path = ImbyEmailViewController.h; sourceTree = "<group>"; };
		4C66B38F188A0B3D0095FDB4 /* ImbyEmailViewController.m */ = {isa = PBXFileReference; fileEncoding = 4; lastKnownFileType = sourcecode.c.objc; path = ImbyEmailViewController.m; sourceTree = "<group>"; };
		4C6B0AF71891FC630004E584 /* MessageUI.framework */ = {isa = PBXFileReference; lastKnownFileType = wrapper.framework; name = MessageUI.framework; path = System/Library/Frameworks/MessageUI.framework; sourceTree = SDKROOT; };
		4CAE7234189B2666006DE071 /* ImbyProjDetailController.h */ = {isa = PBXFileReference; fileEncoding = 4; lastKnownFileType = sourcecode.c.h; path = ImbyProjDetailController.h; sourceTree = "<group>"; };
		4CAE7235189B2666006DE071 /* ImbyProjDetailController.m */ = {isa = PBXFileReference; fileEncoding = 4; lastKnownFileType = sourcecode.c.objc; path = ImbyProjDetailController.m; sourceTree = "<group>"; };
/* End PBXFileReference section */

/* Begin PBXFrameworksBuildPhase section */
		4C1FA8B71886D2290044F78D /* Frameworks */ = {
			isa = PBXFrameworksBuildPhase;
			buildActionMask = 2147483647;
			files = (
				4C498E6F1897336500E9026A /* EventKitUI.framework in Frameworks */,
				4C498E6D1897335000E9026A /* EventKit.framework in Frameworks */,
				4C6B0AF81891FC630004E584 /* MessageUI.framework in Frameworks */,
				4C1FA8F11886D8670044F78D /* MapKit.framework in Frameworks */,
				4C1FA8C01886D2290044F78D /* CoreGraphics.framework in Frameworks */,
				4C1FA8C21886D2290044F78D /* UIKit.framework in Frameworks */,
				4C1FA8BE1886D2290044F78D /* Foundation.framework in Frameworks */,
			);
			runOnlyForDeploymentPostprocessing = 0;
		};
		4C1FA8D21886D2290044F78D /* Frameworks */ = {
			isa = PBXFrameworksBuildPhase;
			buildActionMask = 2147483647;
			files = (
				4C1FA8D71886D2290044F78D /* XCTest.framework in Frameworks */,
				4C1FA8D91886D2290044F78D /* UIKit.framework in Frameworks */,
				4C1FA8D81886D2290044F78D /* Foundation.framework in Frameworks */,
			);
			runOnlyForDeploymentPostprocessing = 0;
		};
/* End PBXFrameworksBuildPhase section */

/* Begin PBXGroup section */
		4C1FA8B11886D2290044F78D = {
			isa = PBXGroup;
			children = (
				4C1FA8C31886D2290044F78D /* Imby */,
				4C1FA8DC1886D2290044F78D /* ImbyTests */,
				4C1FA8BC1886D2290044F78D /* Frameworks */,
				4C1FA8BB1886D2290044F78D /* Products */,
			);
			sourceTree = "<group>";
		};
		4C1FA8BB1886D2290044F78D /* Products */ = {
			isa = PBXGroup;
			children = (
				4C1FA8BA1886D2290044F78D /* Imby.app */,
				4C1FA8D51886D2290044F78D /* ImbyTests.xctest */,
			);
			name = Products;
			sourceTree = "<group>";
		};
		4C1FA8BC1886D2290044F78D /* Frameworks */ = {
			isa = PBXGroup;
			children = (
				4C498E6E1897336500E9026A /* EventKitUI.framework */,
				4C498E6C1897335000E9026A /* EventKit.framework */,
				4C6B0AF71891FC630004E584 /* MessageUI.framework */,
				4C1FA8F01886D8670044F78D /* MapKit.framework */,
				4C1FA8BD1886D2290044F78D /* Foundation.framework */,
				4C1FA8BF1886D2290044F78D /* CoreGraphics.framework */,
				4C1FA8C11886D2290044F78D /* UIKit.framework */,
				4C1FA8D61886D2290044F78D /* XCTest.framework */,
			);
			name = Frameworks;
			sourceTree = "<group>";
		};
		4C1FA8C31886D2290044F78D /* Imby */ = {
			isa = PBXGroup;
			children = (
				2FF5492518A46A35001D9546 /* king-plans_02.jpg */,
				2FF5492618A46A35001D9546 /* king-plans_03.jpg */,
				2FF5492718A46A35001D9546 /* king-plans_04.jpg */,
				2FF5492818A46A35001D9546 /* king-plans_17.jpg */,
				2FF5492918A46A35001D9546 /* king-plans_18.jpg */,
				4C1FA8CC1886D2290044F78D /* ImbyAppDelegate.h */,
				4C1FA8CD1886D2290044F78D /* ImbyAppDelegate.m */,
				4C1FA8CF1886D2290044F78D /* Images.xcassets */,
				4C1FA8C41886D2290044F78D /* Supporting Files */,
				4C1FA8EC1886D26E0044F78D /* MainStoryboard.storyboard */,
				4C4E521C1888DE0C00199443 /* ImbyMapViewController.h */,
				4C4E521D1888DE0C00199443 /* ImbyMapViewController.m */,
				4C3EFC18189FFCCE00A4550C /* ImbyPageContentViewController.h */,
				4C3EFC19189FFCCE00A4550C /* ImbyPageContentViewController.m */,
				4CAE7234189B2666006DE071 /* ImbyProjDetailController.h */,
				4CAE7235189B2666006DE071 /* ImbyProjDetailController.m */,
				4C66B38B188A00850095FDB4 /* ImbyWebViewController.h */,
				4C66B38C188A00850095FDB4 /* ImbyWebViewController.m */,
				4C66B38E188A0B3D0095FDB4 /* ImbyEmailViewController.h */,
				4C66B38F188A0B3D0095FDB4 /* ImbyEmailViewController.m */,
				4C498E691897324D00E9026A /* ImbyCalendarViewController.h */,
				4C498E6A1897324D00E9026A /* ImbyCalendarViewController.m */,
				4C3EFC1B189FFE1600A4550C /* ImbyStartViewController.h */,
				4C3EFC1C189FFE1600A4550C /* ImbyStartViewController.m */,
			);
			path = Imby;
			sourceTree = "<group>";
		};
		4C1FA8C41886D2290044F78D /* Supporting Files */ = {
			isa = PBXGroup;
			children = (
				4C4E52221889CB7000199443 /* ImbyAnnotation.h */,
				4C4E52231889CB7000199443 /* ImbyAnnotation.m */,
				4C1FA8C51886D2290044F78D /* Imby-Info.plist */,
				4C1FA8C61886D2290044F78D /* InfoPlist.strings */,
				4C1FA8C91886D2290044F78D /* main.m */,
				4C1FA8CB1886D2290044F78D /* Imby-Prefix.pch */,
			);
			name = "Supporting Files";
			sourceTree = "<group>";
		};
		4C1FA8DC1886D2290044F78D /* ImbyTests */ = {
			isa = PBXGroup;
			children = (
				4C1FA8E21886D2290044F78D /* ImbyTests.m */,
				4C1FA8DD1886D2290044F78D /* Supporting Files */,
			);
			path = ImbyTests;
			sourceTree = "<group>";
		};
		4C1FA8DD1886D2290044F78D /* Supporting Files */ = {
			isa = PBXGroup;
			children = (
				4C1FA8DE1886D2290044F78D /* ImbyTests-Info.plist */,
				4C1FA8DF1886D2290044F78D /* InfoPlist.strings */,
			);
			name = "Supporting Files";
			sourceTree = "<group>";
		};
/* End PBXGroup section */

/* Begin PBXNativeTarget section */
		4C1FA8B91886D2290044F78D /* Imby */ = {
			isa = PBXNativeTarget;
			buildConfigurationList = 4C1FA8E61886D2290044F78D /* Build configuration list for PBXNativeTarget "Imby" */;
			buildPhases = (
				4C1FA8B61886D2290044F78D /* Sources */,
				4C1FA8B71886D2290044F78D /* Frameworks */,
				4C1FA8B81886D2290044F78D /* Resources */,
			);
			buildRules = (
			);
			dependencies = (
			);
			name = Imby;
			productName = Imby;
			productReference = 4C1FA8BA1886D2290044F78D /* Imby.app */;
			productType = "com.apple.product-type.application";
		};
		4C1FA8D41886D2290044F78D /* ImbyTests */ = {
			isa = PBXNativeTarget;
			buildConfigurationList = 4C1FA8E91886D2290044F78D /* Build configuration list for PBXNativeTarget "ImbyTests" */;
			buildPhases = (
				4C1FA8D11886D2290044F78D /* Sources */,
				4C1FA8D21886D2290044F78D /* Frameworks */,
				4C1FA8D31886D2290044F78D /* Resources */,
			);
			buildRules = (
			);
			dependencies = (
				4C1FA8DB1886D2290044F78D /* PBXTargetDependency */,
			);
			name = ImbyTests;
			productName = ImbyTests;
			productReference = 4C1FA8D51886D2290044F78D /* ImbyTests.xctest */;
			productType = "com.apple.product-type.bundle.unit-test";
		};
/* End PBXNativeTarget section */

/* Begin PBXProject section */
		4C1FA8B21886D2290044F78D /* Project object */ = {
			isa = PBXProject;
			attributes = {
				CLASSPREFIX = Imby;
				LastUpgradeCheck = 0500;
				ORGANIZATIONNAME = "Heather Simmons";
				TargetAttributes = {
					4C1FA8B91886D2290044F78D = {
						DevelopmentTeam = GZY2Q2VM3V;
					};
					4C1FA8D41886D2290044F78D = {
						TestTargetID = 4C1FA8B91886D2290044F78D;
					};
				};
			};
			buildConfigurationList = 4C1FA8B51886D2290044F78D /* Build configuration list for PBXProject "Imby" */;
			compatibilityVersion = "Xcode 3.2";
			developmentRegion = English;
			hasScannedForEncodings = 0;
			knownRegions = (
				en,
				Base,
			);
			mainGroup = 4C1FA8B11886D2290044F78D;
			productRefGroup = 4C1FA8BB1886D2290044F78D /* Products */;
			projectDirPath = "";
			projectRoot = "";
			targets = (
				4C1FA8B91886D2290044F78D /* Imby */,
				4C1FA8D41886D2290044F78D /* ImbyTests */,
			);
		};
/* End PBXProject section */

/* Begin PBXResourcesBuildPhase section */
		4C1FA8B81886D2290044F78D /* Resources */ = {
			isa = PBXResourcesBuildPhase;
			buildActionMask = 2147483647;
			files = (
				4C1FA8ED1886D26E0044F78D /* MainStoryboard.storyboard in Resources */,
				2FF5492A18A46A35001D9546 /* king-plans_02.jpg in Resources */,
				2FF5492E18A46A35001D9546 /* king-plans_18.jpg in Resources */,
				4C1FA8C81886D2290044F78D /* InfoPlist.strings in Resources */,
				2FF5492B18A46A35001D9546 /* king-plans_03.jpg in Resources */,
				4C1FA8D01886D2290044F78D /* Images.xcassets in Resources */,
				2FF5492C18A46A35001D9546 /* king-plans_04.jpg in Resources */,
				2FF5492D18A46A35001D9546 /* king-plans_17.jpg in Resources */,
			);
			runOnlyForDeploymentPostprocessing = 0;
		};
		4C1FA8D31886D2290044F78D /* Resources */ = {
			isa = PBXResourcesBuildPhase;
			buildActionMask = 2147483647;
			files = (
				4C1FA8E11886D2290044F78D /* InfoPlist.strings in Resources */,
			);
			runOnlyForDeploymentPostprocessing = 0;
		};
/* End PBXResourcesBuildPhase section */

/* Begin PBXSourcesBuildPhase section */
		4C1FA8B61886D2290044F78D /* Sources */ = {
			isa = PBXSourcesBuildPhase;
			buildActionMask = 2147483647;
			files = (
				4CAE7236189B2666006DE071 /* ImbyProjDetailController.m in Sources */,
				4C3EFC1A189FFCCE00A4550C /* ImbyPageContentViewController.m in Sources */,
				4C1FA8CA1886D2290044F78D /* main.m in Sources */,
				4C498E6B1897324D00E9026A /* ImbyCalendarViewController.m in Sources */,
				4C4E521E1888DE0C00199443 /* ImbyMapViewController.m in Sources */,
				4C1FA8CE1886D2290044F78D /* ImbyAppDelegate.m in Sources */,
				4C3EFC1D189FFE1600A4550C /* ImbyStartViewController.m in Sources */,
				4C4E52241889CB7000199443 /* ImbyAnnotation.m in Sources */,
				4C66B390188A0B3D0095FDB4 /* ImbyEmailViewController.m in Sources */,
				4C66B38D188A00850095FDB4 /* ImbyWebViewController.m in Sources */,
			);
			runOnlyForDeploymentPostprocessing = 0;
		};
		4C1FA8D11886D2290044F78D /* Sources */ = {
			isa = PBXSourcesBuildPhase;
			buildActionMask = 2147483647;
			files = (
				4C1FA8E31886D2290044F78D /* ImbyTests.m in Sources */,
			);
			runOnlyForDeploymentPostprocessing = 0;
		};
/* End PBXSourcesBuildPhase section */

/* Begin PBXTargetDependency section */
		4C1FA8DB1886D2290044F78D /* PBXTargetDependency */ = {
			isa = PBXTargetDependency;
			target = 4C1FA8B91886D2290044F78D /* Imby */;
			targetProxy = 4C1FA8DA1886D2290044F78D /* PBXContainerItemProxy */;
		};
/* End PBXTargetDependency section */

/* Begin PBXVariantGroup section */
		4C1FA8C61886D2290044F78D /* InfoPlist.strings */ = {
			isa = PBXVariantGroup;
			children = (
				4C1FA8C71886D2290044F78D /* en */,
			);
			name = InfoPlist.strings;
			sourceTree = "<group>";
		};
		4C1FA8DF1886D2290044F78D /* InfoPlist.strings */ = {
			isa = PBXVariantGroup;
			children = (
				4C1FA8E01886D2290044F78D /* en */,
			);
			name = InfoPlist.strings;
			sourceTree = "<group>";
		};
/* End PBXVariantGroup section */

/* Begin XCBuildConfiguration section */
		4C1FA8E41886D2290044F78D /* Debug */ = {
			isa = XCBuildConfiguration;
			buildSettings = {
				ALWAYS_SEARCH_USER_PATHS = NO;
				ARCHS = "$(ARCHS_STANDARD_INCLUDING_64_BIT)";
				CLANG_CXX_LANGUAGE_STANDARD = "gnu++0x";
				CLANG_CXX_LIBRARY = "libc++";
				CLANG_ENABLE_MODULES = YES;
				CLANG_ENABLE_OBJC_ARC = YES;
				CLANG_WARN_BOOL_CONVERSION = YES;
				CLANG_WARN_CONSTANT_CONVERSION = YES;
				CLANG_WARN_DIRECT_OBJC_ISA_USAGE = YES_ERROR;
				CLANG_WARN_EMPTY_BODY = YES;
				CLANG_WARN_ENUM_CONVERSION = YES;
				CLANG_WARN_INT_CONVERSION = YES;
				CLANG_WARN_OBJC_ROOT_CLASS = YES_ERROR;
				CLANG_WARN__DUPLICATE_METHOD_MATCH = YES;
				CODE_SIGN_IDENTITY = "iPhone Developer";
				"CODE_SIGN_IDENTITY[sdk=iphoneos*]" = "iPhone Developer";
				COPY_PHASE_STRIP = NO;
				GCC_C_LANGUAGE_STANDARD = gnu99;
				GCC_DYNAMIC_NO_PIC = NO;
				GCC_OPTIMIZATION_LEVEL = 0;
				GCC_PREPROCESSOR_DEFINITIONS = (
					"DEBUG=1",
					"$(inherited)",
				);
				GCC_SYMBOLS_PRIVATE_EXTERN = NO;
				GCC_WARN_64_TO_32_BIT_CONVERSION = YES;
				GCC_WARN_ABOUT_RETURN_TYPE = YES_ERROR;
				GCC_WARN_UNDECLARED_SELECTOR = YES;
				GCC_WARN_UNINITIALIZED_AUTOS = YES;
				GCC_WARN_UNUSED_FUNCTION = YES;
				GCC_WARN_UNUSED_VARIABLE = YES;
				IPHONEOS_DEPLOYMENT_TARGET = 7.0;
				ONLY_ACTIVE_ARCH = YES;
				SDKROOT = iphoneos;
			};
			name = Debug;
		};
		4C1FA8E51886D2290044F78D /* Release */ = {
			isa = XCBuildConfiguration;
			buildSettings = {
				ALWAYS_SEARCH_USER_PATHS = NO;
				ARCHS = "$(ARCHS_STANDARD_INCLUDING_64_BIT)";
				CLANG_CXX_LANGUAGE_STANDARD = "gnu++0x";
				CLANG_CXX_LIBRARY = "libc++";
				CLANG_ENABLE_MODULES = YES;
				CLANG_ENABLE_OBJC_ARC = YES;
				CLANG_WARN_BOOL_CONVERSION = YES;
				CLANG_WARN_CONSTANT_CONVERSION = YES;
				CLANG_WARN_DIRECT_OBJC_ISA_USAGE = YES_ERROR;
				CLANG_WARN_EMPTY_BODY = YES;
				CLANG_WARN_ENUM_CONVERSION = YES;
				CLANG_WARN_INT_CONVERSION = YES;
				CLANG_WARN_OBJC_ROOT_CLASS = YES_ERROR;
				CLANG_WARN__DUPLICATE_METHOD_MATCH = YES;
				CODE_SIGN_IDENTITY = "iPhone Developer";
				"CODE_SIGN_IDENTITY[sdk=iphoneos*]" = "iPhone Developer";
				COPY_PHASE_STRIP = YES;
				ENABLE_NS_ASSERTIONS = NO;
				GCC_C_LANGUAGE_STANDARD = gnu99;
				GCC_WARN_64_TO_32_BIT_CONVERSION = YES;
				GCC_WARN_ABOUT_RETURN_TYPE = YES_ERROR;
				GCC_WARN_UNDECLARED_SELECTOR = YES;
				GCC_WARN_UNINITIALIZED_AUTOS = YES;
				GCC_WARN_UNUSED_FUNCTION = YES;
				GCC_WARN_UNUSED_VARIABLE = YES;
				IPHONEOS_DEPLOYMENT_TARGET = 7.0;
				SDKROOT = iphoneos;
				VALIDATE_PRODUCT = YES;
			};
			name = Release;
		};
		4C1FA8E71886D2290044F78D /* Debug */ = {
			isa = XCBuildConfiguration;
			buildSettings = {
				ASSETCATALOG_COMPILER_APPICON_NAME = AppIcon;
				ASSETCATALOG_COMPILER_LAUNCHIMAGE_NAME = LaunchImage;
				CODE_SIGN_IDENTITY = "iPhone Developer";
				"CODE_SIGN_IDENTITY[sdk=iphoneos*]" = "iPhone Developer";
				GCC_PRECOMPILE_PREFIX_HEADER = YES;
				GCC_PREFIX_HEADER = "Imby/Imby-Prefix.pch";
				INFOPLIST_FILE = "Imby/Imby-Info.plist";
				PRODUCT_NAME = "$(TARGET_NAME)";
				PROVISIONING_PROFILE = "";
				WRAPPER_EXTENSION = app;
			};
			name = Debug;
		};
		4C1FA8E81886D2290044F78D /* Release */ = {
			isa = XCBuildConfiguration;
			buildSettings = {
				ASSETCATALOG_COMPILER_APPICON_NAME = AppIcon;
				ASSETCATALOG_COMPILER_LAUNCHIMAGE_NAME = LaunchImage;
				CODE_SIGN_IDENTITY = "iPhone Developer";
				"CODE_SIGN_IDENTITY[sdk=iphoneos*]" = "iPhone Developer";
				GCC_PRECOMPILE_PREFIX_HEADER = YES;
				GCC_PREFIX_HEADER = "Imby/Imby-Prefix.pch";
				INFOPLIST_FILE = "Imby/Imby-Info.plist";
				PRODUCT_NAME = "$(TARGET_NAME)";
				PROVISIONING_PROFILE = "";
				WRAPPER_EXTENSION = app;
			};
			name = Release;
		};
		4C1FA8EA1886D2290044F78D /* Debug */ = {
			isa = XCBuildConfiguration;
			buildSettings = {
				ARCHS = "$(ARCHS_STANDARD_INCLUDING_64_BIT)";
				BUNDLE_LOADER = "$(BUILT_PRODUCTS_DIR)/Imby.app/Imby";
				FRAMEWORK_SEARCH_PATHS = (
					"$(SDKROOT)/Developer/Library/Frameworks",
					"$(inherited)",
					"$(DEVELOPER_FRAMEWORKS_DIR)",
				);
				GCC_PRECOMPILE_PREFIX_HEADER = YES;
				GCC_PREFIX_HEADER = "Imby/Imby-Prefix.pch";
				GCC_PREPROCESSOR_DEFINITIONS = (
					"DEBUG=1",
					"$(inherited)",
				);
				INFOPLIST_FILE = "ImbyTests/ImbyTests-Info.plist";
				PRODUCT_NAME = "$(TARGET_NAME)";
				TEST_HOST = "$(BUNDLE_LOADER)";
				WRAPPER_EXTENSION = xctest;
			};
			name = Debug;
		};
		4C1FA8EB1886D2290044F78D /* Release */ = {
			isa = XCBuildConfiguration;
			buildSettings = {
				ARCHS = "$(ARCHS_STANDARD_INCLUDING_64_BIT)";
				BUNDLE_LOADER = "$(BUILT_PRODUCTS_DIR)/Imby.app/Imby";
				FRAMEWORK_SEARCH_PATHS = (
					"$(SDKROOT)/Developer/Library/Frameworks",
					"$(inherited)",
					"$(DEVELOPER_FRAMEWORKS_DIR)",
				);
				GCC_PRECOMPILE_PREFIX_HEADER = YES;
				GCC_PREFIX_HEADER = "Imby/Imby-Prefix.pch";
				INFOPLIST_FILE = "ImbyTests/ImbyTests-Info.plist";
				PRODUCT_NAME = "$(TARGET_NAME)";
				TEST_HOST = "$(BUNDLE_LOADER)";
				WRAPPER_EXTENSION = xctest;
			};
			name = Release;
		};
/* End XCBuildConfiguration section */

/* Begin XCConfigurationList section */
		4C1FA8B51886D2290044F78D /* Build configuration list for PBXProject "Imby" */ = {
			isa = XCConfigurationList;
			buildConfigurations = (
				4C1FA8E41886D2290044F78D /* Debug */,
				4C1FA8E51886D2290044F78D /* Release */,
			);
			defaultConfigurationIsVisible = 0;
			defaultConfigurationName = Release;
		};
		4C1FA8E61886D2290044F78D /* Build configuration list for PBXNativeTarget "Imby" */ = {
			isa = XCConfigurationList;
			buildConfigurations = (
				4C1FA8E71886D2290044F78D /* Debug */,
				4C1FA8E81886D2290044F78D /* Release */,
			);
			defaultConfigurationIsVisible = 0;
			defaultConfigurationName = Release;
		};
		4C1FA8E91886D2290044F78D /* Build configuration list for PBXNativeTarget "ImbyTests" */ = {
			isa = XCConfigurationList;
			buildConfigurations = (
				4C1FA8EA1886D2290044F78D /* Debug */,
				4C1FA8EB1886D2290044F78D /* Release */,
			);
			defaultConfigurationIsVisible = 0;
			defaultConfigurationName = Release;
		};
/* End XCConfigurationList section */
	};
	rootObject = 4C1FA8B21886D2290044F78D /* Project object */;
}
